
Microsoft Visual Studio Solution File, Format Version 12.00
# Visual Studio 2013
VisualStudioVersion = 12.0.31101.0
MinimumVisualStudioVersion = 10.0.40219.1
Project("{FAE04EC0-301F-11D3-BF4B-00C04F79EFBC}") = "RezRouting", "RezRouting\RezRouting.csproj", "{EC46B63D-45D9-472B-8400-12A9CAC5BB9E}"
EndProject
Project("{FAE04EC0-301F-11D3-BF4B-00C04F79EFBC}") = "RezRouting.Tests", "RezRouting.Tests\RezRouting.Tests.csproj", "{1D7A9580-FB23-45EF-A93C-77DB341C3A6C}"
EndProject
Project("{FAE04EC0-301F-11D3-BF4B-00C04F79EFBC}") = "RezRouting.Demos.Tasks", "RezRouting.Demos.Tasks\RezRouting.Demos.Tasks.csproj", "{65AB001B-2E57-4A15-BDE5-39CCA93F570B}"
EndProject
Project("{2150E333-8FDC-42A3-9474-1A3956D46DE8}") = "Demos", "Demos", "{8DFAE051-CB45-4C16-B6D9-9B982A7FDBC4}"
EndProject
Project("{2150E333-8FDC-42A3-9474-1A3956D46DE8}") = "Build", "Build", "{786B23EC-EA90-42E4-9676-9904719637BA}"
	ProjectSection(SolutionItems) = preProject
		..\build\build.targets = ..\build\build.targets
	EndProjectSection
EndProject
Project("{FAE04EC0-301F-11D3-BF4B-00C04F79EFBC}") = "RezRouting.Demos.MvcWalkthrough1", "RezRouting.Demos.MvcWalkthrough1\RezRouting.Demos.MvcWalkthrough1.csproj", "{94B80A57-CE28-4CFB-8763-D17FA1779E57}"
EndProject
Project("{FAE04EC0-301F-11D3-BF4B-00C04F79EFBC}") = "RezRouting.Demos.MvcWalkthrough2", "RezRouting.Demos.MvcWalkthrough2\RezRouting.Demos.MvcWalkthrough2.csproj", "{94B80A57-CE28-4CFB-8763-D17FA1779E58}"
EndProject
Project("{FAE04EC0-301F-11D3-BF4B-00C04F79EFBC}") = "RezRouting.AspNetMvc4-5", "RezRouting.AspNetMvc4-5\RezRouting.AspNetMvc4-5.csproj", "{7DD4EFB8-D7D1-4295-8F27-923A4F8A3285}"
EndProject
Project("{FAE04EC0-301F-11D3-BF4B-00C04F79EFBC}") = "RezRouting.AspNetMvc4-5.Tests", "RezRouting.AspNetMvc4-5.Tests\RezRouting.AspNetMvc4-5.Tests.csproj", "{BA5D3B65-FF74-47D0-8DE7-F3BCCFA3E77B}"
EndProject
Project("{FAE04EC0-301F-11D3-BF4B-00C04F79EFBC}") = "RezRouting.Demos.MvcWalkthrough3", "RezRouting.Demos.MvcWalkthrough3\RezRouting.Demos.MvcWalkthrough3.csproj", "{B16E2A69-9FA1-46D9-A2D5-19A152FE3A18}"
EndProject
Global
	GlobalSection(SolutionConfigurationPlatforms) = preSolution
		Debug|Any CPU = Debug|Any CPU
		Debug-Net50|Any CPU = Debug-Net50|Any CPU
		Release|Any CPU = Release|Any CPU
		Release-Net40|Any CPU = Release-Net40|Any CPU
	EndGlobalSection
	GlobalSection(ProjectConfigurationPlatforms) = postSolution
		{EC46B63D-45D9-472B-8400-12A9CAC5BB9E}.Debug|Any CPU.ActiveCfg = Debug|Any CPU
		{EC46B63D-45D9-472B-8400-12A9CAC5BB9E}.Debug|Any CPU.Build.0 = Debug|Any CPU
		{EC46B63D-45D9-472B-8400-12A9CAC5BB9E}.Debug-Net50|Any CPU.ActiveCfg = Debug|Any CPU
		{EC46B63D-45D9-472B-8400-12A9CAC5BB9E}.Debug-Net50|Any CPU.Build.0 = Debug|Any CPU
		{EC46B63D-45D9-472B-8400-12A9CAC5BB9E}.Release|Any CPU.ActiveCfg = Release|Any CPU
		{EC46B63D-45D9-472B-8400-12A9CAC5BB9E}.Release|Any CPU.Build.0 = Release|Any CPU
		{EC46B63D-45D9-472B-8400-12A9CAC5BB9E}.Release-Net40|Any CPU.ActiveCfg = Release|Any CPU
		{EC46B63D-45D9-472B-8400-12A9CAC5BB9E}.Release-Net40|Any CPU.Build.0 = Release|Any CPU
		{1D7A9580-FB23-45EF-A93C-77DB341C3A6C}.Debug|Any CPU.ActiveCfg = Debug|Any CPU
		{1D7A9580-FB23-45EF-A93C-77DB341C3A6C}.Debug|Any CPU.Build.0 = Debug|Any CPU
		{1D7A9580-FB23-45EF-A93C-77DB341C3A6C}.Debug-Net50|Any CPU.ActiveCfg = Debug|Any CPU
		{1D7A9580-FB23-45EF-A93C-77DB341C3A6C}.Debug-Net50|Any CPU.Build.0 = Debug|Any CPU
		{1D7A9580-FB23-45EF-A93C-77DB341C3A6C}.Release|Any CPU.ActiveCfg = Release|Any CPU
		{1D7A9580-FB23-45EF-A93C-77DB341C3A6C}.Release|Any CPU.Build.0 = Release|Any CPU
		{1D7A9580-FB23-45EF-A93C-77DB341C3A6C}.Release-Net40|Any CPU.ActiveCfg = Release|Any CPU
		{1D7A9580-FB23-45EF-A93C-77DB341C3A6C}.Release-Net40|Any CPU.Build.0 = Release|Any CPU
		{65AB001B-2E57-4A15-BDE5-39CCA93F570B}.Debug|Any CPU.ActiveCfg = Debug|Any CPU
		{65AB001B-2E57-4A15-BDE5-39CCA93F570B}.Debug|Any CPU.Build.0 = Debug|Any CPU
		{65AB001B-2E57-4A15-BDE5-39CCA93F570B}.Debug-Net50|Any CPU.ActiveCfg = Debug-Net50|Any CPU
		{65AB001B-2E57-4A15-BDE5-39CCA93F570B}.Debug-Net50|Any CPU.Build.0 = Debug-Net50|Any CPU
		{65AB001B-2E57-4A15-BDE5-39CCA93F570B}.Release|Any CPU.ActiveCfg = Release|Any CPU
		{65AB001B-2E57-4A15-BDE5-39CCA93F570B}.Release|Any CPU.Build.0 = Release|Any CPU
		{65AB001B-2E57-4A15-BDE5-39CCA93F570B}.Release-Net40|Any CPU.ActiveCfg = Release-Net40|Any CPU
		{65AB001B-2E57-4A15-BDE5-39CCA93F570B}.Release-Net40|Any CPU.Build.0 = Release-Net40|Any CPU
		{94B80A57-CE28-4CFB-8763-D17FA1779E57}.Debug|Any CPU.ActiveCfg = Debug|Any CPU
		{94B80A57-CE28-4CFB-8763-D17FA1779E57}.Debug|Any CPU.Build.0 = Debug|Any CPU
		{94B80A57-CE28-4CFB-8763-D17FA1779E57}.Debug-Net50|Any CPU.ActiveCfg = Debug-Net50|Any CPU
		{94B80A57-CE28-4CFB-8763-D17FA1779E57}.Debug-Net50|Any CPU.Build.0 = Debug-Net50|Any CPU
		{94B80A57-CE28-4CFB-8763-D17FA1779E57}.Release|Any CPU.ActiveCfg = Release|Any CPU
		{94B80A57-CE28-4CFB-8763-D17FA1779E57}.Release|Any CPU.Build.0 = Release|Any CPU
		{94B80A57-CE28-4CFB-8763-D17FA1779E57}.Release-Net40|Any CPU.ActiveCfg = Release-Net40|Any CPU
		{94B80A57-CE28-4CFB-8763-D17FA1779E57}.Release-Net40|Any CPU.Build.0 = Release-Net40|Any CPU
		{94B80A57-CE28-4CFB-8763-D17FA1779E58}.Debug|Any CPU.ActiveCfg = Debug|Any CPU
		{94B80A57-CE28-4CFB-8763-D17FA1779E58}.Debug|Any CPU.Build.0 = Debug|Any CPU
		{94B80A57-CE28-4CFB-8763-D17FA1779E58}.Debug-Net50|Any CPU.ActiveCfg = Debug-Net50|Any CPU
		{94B80A57-CE28-4CFB-8763-D17FA1779E58}.Debug-Net50|Any CPU.Build.0 = Debug-Net50|Any CPU
		{94B80A57-CE28-4CFB-8763-D17FA1779E58}.Release|Any CPU.ActiveCfg = Release|Any CPU
		{94B80A57-CE28-4CFB-8763-D17FA1779E58}.Release|Any CPU.Build.0 = Release|Any CPU
		{94B80A57-CE28-4CFB-8763-D17FA1779E58}.Release-Net40|Any CPU.ActiveCfg = Release-Net40|Any CPU
		{94B80A57-CE28-4CFB-8763-D17FA1779E58}.Release-Net40|Any CPU.Build.0 = Release-Net40|Any CPU
		{7DD4EFB8-D7D1-4295-8F27-923A4F8A3285}.Debug|Any CPU.ActiveCfg = Debug|Any CPU
		{7DD4EFB8-D7D1-4295-8F27-923A4F8A3285}.Debug|Any CPU.Build.0 = Debug|Any CPU
		{7DD4EFB8-D7D1-4295-8F27-923A4F8A3285}.Debug-Net50|Any CPU.ActiveCfg = Debug|Any CPU
		{7DD4EFB8-D7D1-4295-8F27-923A4F8A3285}.Debug-Net50|Any CPU.Build.0 = Debug|Any CPU
		{7DD4EFB8-D7D1-4295-8F27-923A4F8A3285}.Release|Any CPU.ActiveCfg = Release|Any CPU
		{7DD4EFB8-D7D1-4295-8F27-923A4F8A3285}.Release|Any CPU.Build.0 = Release|Any CPU
		{7DD4EFB8-D7D1-4295-8F27-923A4F8A3285}.Release-Net40|Any CPU.ActiveCfg = Release|Any CPU
		{7DD4EFB8-D7D1-4295-8F27-923A4F8A3285}.Release-Net40|Any CPU.Build.0 = Release|Any CPU
		{BA5D3B65-FF74-47D0-8DE7-F3BCCFA3E77B}.Debug|Any CPU.ActiveCfg = Debug|Any CPU
		{BA5D3B65-FF74-47D0-8DE7-F3BCCFA3E77B}.Debug|Any CPU.Build.0 = Debug|Any CPU
		{BA5D3B65-FF74-47D0-8DE7-F3BCCFA3E77B}.Debug-Net50|Any CPU.ActiveCfg = Debug|Any CPU
		{BA5D3B65-FF74-47D0-8DE7-F3BCCFA3E77B}.Debug-Net50|Any CPU.Build.0 = Debug|Any CPU
		{BA5D3B65-FF74-47D0-8DE7-F3BCCFA3E77B}.Release|Any CPU.ActiveCfg = Release|Any CPU
		{BA5D3B65-FF74-47D0-8DE7-F3BCCFA3E77B}.Release|Any CPU.Build.0 = Release|Any CPU
		{BA5D3B65-FF74-47D0-8DE7-F3BCCFA3E77B}.Release-Net40|Any CPU.ActiveCfg = Release|Any CPU
		{BA5D3B65-FF74-47D0-8DE7-F3BCCFA3E77B}.Release-Net40|Any CPU.Build.0 = Release|Any CPU
		{B16E2A69-9FA1-46D9-A2D5-19A152FE3A18}.Debug|Any CPU.ActiveCfg = Debug|Any CPU
		{B16E2A69-9FA1-46D9-A2D5-19A152FE3A18}.Debug|Any CPU.Build.0 = Debug|Any CPU
		{B16E2A69-9FA1-46D9-A2D5-19A152FE3A18}.Debug-Net50|Any CPU.ActiveCfg = Debug-Net50|Any CPU
		{B16E2A69-9FA1-46D9-A2D5-19A152FE3A18}.Debug-Net50|Any CPU.Build.0 = Debug-Net50|Any CPU
		{B16E2A69-9FA1-46D9-A2D5-19A152FE3A18}.Release|Any CPU.ActiveCfg = Release|Any CPU
		{B16E2A69-9FA1-46D9-A2D5-19A152FE3A18}.Release|Any CPU.Build.0 = Release|Any CPU
		{B16E2A69-9FA1-46D9-A2D5-19A152FE3A18}.Release-Net40|Any CPU.ActiveCfg = Release-Net40|Any CPU
		{B16E2A69-9FA1-46D9-A2D5-19A152FE3A18}.Release-Net40|Any CPU.Build.0 = Release-Net40|Any CPU
	EndGlobalSection
	GlobalSection(SolutionProperties) = preSolution
		HideSolutionNode = FALSE
	EndGlobalSection
	GlobalSection(NestedProjects) = preSolution
		{65AB001B-2E57-4A15-BDE5-39CCA93F570B} = {8DFAE051-CB45-4C16-B6D9-9B982A7FDBC4}
		{94B80A57-CE28-4CFB-8763-D17FA1779E57} = {8DFAE051-CB45-4C16-B6D9-9B982A7FDBC4}
		{94B80A57-CE28-4CFB-8763-D17FA1779E58} = {8DFAE051-CB45-4C16-B6D9-9B982A7FDBC4}
		{B16E2A69-9FA1-46D9-A2D5-19A152FE3A18} = {8DFAE051-CB45-4C16-B6D9-9B982A7FDBC4}
	EndGlobalSection
EndGlobal
